{
  "name": "Oscar",
  "version": "1.0.0",
  "lockfileVersion": 1,
  "requires": true,
  "dependencies": {
    "javascript-natural-sort": {
      "version": "0.7.1",
      "resolved": "https://registry.npmjs.org/javascript-natural-sort/-/javascript-natural-sort-0.7.1.tgz",
      "integrity": "sha1-+eIwPUUH9tdDVac2ZNFED7Wg71k=",
      "optional": true
    },
    "jquery": {
      "version": "1.12.4",
      "resolved": "https://registry.npmjs.org/jquery/-/jquery-1.12.4.tgz",
      "integrity": "sha1-AeHfuikP5z3rp3zurLD5ui/sngw="
    },
    "jquery-tabledit": {
      "version": "1.0.0",
      "resolved": "https://registry.npmjs.org/jquery-tabledit/-/jquery-tabledit-1.0.0.tgz",
      "integrity": "sha1-cV44XFJRtdGFkvZvfgQGqxcFmqI="
    },
    "nestable2": {
      "version": "1.5.0",
      "resolved": "https://registry.npmjs.org/nestable2/-/nestable2-1.5.0.tgz",
      "integrity": "sha512-NaEe7FfFb052VL9qhDikM7w9BFyfDmhQraUfM67mxx+M8GsJenI3kfRK+aomaamqOwA47XEjqd6DZUlAqKsLbw==",
      "requires": {
        "jquery": "1.12.4"
      }
    },
    "shoestring": {
      "version": "2.0.1",
      "resolved": "https://registry.npmjs.org/shoestring/-/shoestring-2.0.1.tgz",
      "integrity": "sha512-F2jX6NN5OtZLzmt2Pnsfr4YZf7+H+3oZMTgRubtcS9Q+RuH0jZZASNsHkbrosX3GlHHfCF6QJgih+pxEY/pXhQ=="
    },
    "tablesaw": {
      "version": "3.0.3",
      "resolved": "https://registry.npmjs.org/tablesaw/-/tablesaw-3.0.3.tgz",
      "integrity": "sha512-p/6sEQsv9Npkzv/MurpAIqFuWcZXh6nJ+7wRRTyz9hhV411rUuVLhVYAr9lmMNR/lsD2gIeLsoGzL48lcpWV/Q==",
      "requires": {
        "javascript-natural-sort": "0.7.1",
        "shoestring": "2.0.1"
      }
    }
  }
}
